// !$*UTF8*$!
{
	archiveVersion = 1;
	classes = {
	};
	objectVersion = 50;
	objects = {

/* Begin PBXBuildFile section */
		3648A53521BD722900620B33 /* UIKitJS.framework in Frameworks */ = {isa = PBXBuildFile; fileRef = 3648A52B21BD722900620B33 /* UIKitJS.framework */; };
		3648A53A21BD722900620B33 /* UIKitJSTests.swift in Sources */ = {isa = PBXBuildFile; fileRef = 3648A53921BD722900620B33 /* UIKitJSTests.swift */; };
		3648A54C21BD726900620B33 /* AppDelegate.swift in Sources */ = {isa = PBXBuildFile; fileRef = 3648A54B21BD726900620B33 /* AppDelegate.swift */; };
		3648A54E21BD726900620B33 /* ExampleListVC.swift in Sources */ = {isa = PBXBuildFile; fileRef = 3648A54D21BD726900620B33 /* ExampleListVC.swift */; };
		3648A55021BD726900620B33 /* ExampleItemVC.swift in Sources */ = {isa = PBXBuildFile; fileRef = 3648A54F21BD726900620B33 /* ExampleItemVC.swift */; };
		3648A55321BD726900620B33 /* Main.storyboard in Resources */ = {isa = PBXBuildFile; fileRef = 3648A55121BD726900620B33 /* Main.storyboard */; };
		3648A55521BD726B00620B33 /* Assets.xcassets in Resources */ = {isa = PBXBuildFile; fileRef = 3648A55421BD726B00620B33 /* Assets.xcassets */; };
		3648A55821BD726B00620B33 /* LaunchScreen.storyboard in Resources */ = {isa = PBXBuildFile; fileRef = 3648A55621BD726B00620B33 /* LaunchScreen.storyboard */; };
		3648A55D21BD72BB00620B33 /* UIKitJS.framework in Frameworks */ = {isa = PBXBuildFile; fileRef = 3648A52B21BD722900620B33 /* UIKitJS.framework */; };
		3648A55E21BD72BB00620B33 /* UIKitJS.framework in Embed Frameworks */ = {isa = PBXBuildFile; fileRef = 3648A52B21BD722900620B33 /* UIKitJS.framework */; settings = {ATTRIBUTES = (CodeSignOnCopy, RemoveHeadersOnCopy, ); }; };
		3648A56321BD738500620B33 /* JSBridge.swift in Sources */ = {isa = PBXBuildFile; fileRef = 3648A56221BD738500620B33 /* JSBridge.swift */; };
		3648A56521BD783A00620B33 /* JSModule.swift in Sources */ = {isa = PBXBuildFile; fileRef = 3648A56421BD783A00620B33 /* JSModule.swift */; };
		3648A56721BD789A00620B33 /* MyModule.swift in Sources */ = {isa = PBXBuildFile; fileRef = 3648A56621BD789A00620B33 /* MyModule.swift */; };
		3648A56D21BDC9C600620B33 /* main.js in Resources */ = {isa = PBXBuildFile; fileRef = 3648A56B21BDC97C00620B33 /* main.js */; };
		367A6B2B21F675FC006542FD /* UIViewController.swift in Sources */ = {isa = PBXBuildFile; fileRef = 367A6B2A21F675FC006542FD /* UIViewController.swift */; };
		367A6B2F21F6E192006542FD /* JSOperation.swift in Sources */ = {isa = PBXBuildFile; fileRef = 367A6B2E21F6E192006542FD /* JSOperation.swift */; };
		367A6B3121F6E1BB006542FD /* JSError.swift in Sources */ = {isa = PBXBuildFile; fileRef = 367A6B3021F6E1BB006542FD /* JSError.swift */; };
		367A6B4121F79540006542FD /* LICENSE in Resources */ = {isa = PBXBuildFile; fileRef = 367A6B4021F79540006542FD /* LICENSE */; };
		36D01A6921FE1C800091F054 /* Cartfile.private in Resources */ = {isa = PBXBuildFile; fileRef = 36D01A6821FE1C800091F054 /* Cartfile.private */; };
		36D01A6D21FE1D230091F054 /* Unbox.framework in Frameworks */ = {isa = PBXBuildFile; fileRef = 36D01A6C21FE1D230091F054 /* Unbox.framework */; };
		36D01A6F21FE1EB70091F054 /* UnboxJSValue.swift in Sources */ = {isa = PBXBuildFile; fileRef = 36D01A6E21FE1EB70091F054 /* UnboxJSValue.swift */; };
		36D01A7421FE29600091F054 /* BasicFetch.swift in Sources */ = {isa = PBXBuildFile; fileRef = 36D01A7321FE29600091F054 /* BasicFetch.swift */; };
		36D31C6A21C56A040003F361 /* UINavigationBar.swift in Sources */ = {isa = PBXBuildFile; fileRef = 36D31C6921C56A040003F361 /* UINavigationBar.swift */; };
		36D31C6D21C56D800003F361 /* UINavigationController.swift in Sources */ = {isa = PBXBuildFile; fileRef = 36D31C6C21C56D800003F361 /* UINavigationController.swift */; };
/* End PBXBuildFile section */

/* Begin PBXContainerItemProxy section */
		3648A53621BD722900620B33 /* PBXContainerItemProxy */ = {
			isa = PBXContainerItemProxy;
			containerPortal = 3648A52221BD722900620B33 /* Project object */;
			proxyType = 1;
			remoteGlobalIDString = 3648A52A21BD722900620B33;
			remoteInfo = UIKit.js;
		};
		3648A55F21BD72BB00620B33 /* PBXContainerItemProxy */ = {
			isa = PBXContainerItemProxy;
			containerPortal = 3648A52221BD722900620B33 /* Project object */;
			proxyType = 1;
			remoteGlobalIDString = 3648A52A21BD722900620B33;
			remoteInfo = UIKit.js;
		};
/* End PBXContainerItemProxy section */

/* Begin PBXCopyFilesBuildPhase section */
		3648A56121BD72BB00620B33 /* Embed Frameworks */ = {
			isa = PBXCopyFilesBuildPhase;
			buildActionMask = 2147483647;
			dstPath = "";
			dstSubfolderSpec = 10;
			files = (
				3648A55E21BD72BB00620B33 /* UIKitJS.framework in Embed Frameworks */,
			);
			name = "Embed Frameworks";
			runOnlyForDeploymentPostprocessing = 0;
		};
/* End PBXCopyFilesBuildPhase section */

/* Begin PBXFileReference section */
		3648A52B21BD722900620B33 /* UIKitJS.framework */ = {isa = PBXFileReference; explicitFileType = wrapper.framework; includeInIndex = 0; path = UIKitJS.framework; sourceTree = BUILT_PRODUCTS_DIR; };
		3648A52F21BD722900620B33 /* Info.plist */ = {isa = PBXFileReference; lastKnownFileType = text.plist.xml; path = Info.plist; sourceTree = "<group>"; };
		3648A53421BD722900620B33 /* UIKitJSTests.xctest */ = {isa = PBXFileReference; explicitFileType = wrapper.cfbundle; includeInIndex = 0; path = UIKitJSTests.xctest; sourceTree = BUILT_PRODUCTS_DIR; };
		3648A53921BD722900620B33 /* UIKitJSTests.swift */ = {isa = PBXFileReference; lastKnownFileType = sourcecode.swift; path = UIKitJSTests.swift; sourceTree = "<group>"; };
		3648A53B21BD722900620B33 /* Info.plist */ = {isa = PBXFileReference; lastKnownFileType = text.plist.xml; path = Info.plist; sourceTree = "<group>"; };
		3648A54921BD726900620B33 /* UIKitJSExamples.app */ = {isa = PBXFileReference; explicitFileType = wrapper.application; includeInIndex = 0; path = UIKitJSExamples.app; sourceTree = BUILT_PRODUCTS_DIR; };
		3648A54B21BD726900620B33 /* AppDelegate.swift */ = {isa = PBXFileReference; lastKnownFileType = sourcecode.swift; path = AppDelegate.swift; sourceTree = "<group>"; };
		3648A54D21BD726900620B33 /* ExampleListVC.swift */ = {isa = PBXFileReference; lastKnownFileType = sourcecode.swift; path = ExampleListVC.swift; sourceTree = "<group>"; };
		3648A54F21BD726900620B33 /* ExampleItemVC.swift */ = {isa = PBXFileReference; lastKnownFileType = sourcecode.swift; path = ExampleItemVC.swift; sourceTree = "<group>"; };
		3648A55221BD726900620B33 /* Base */ = {isa = PBXFileReference; lastKnownFileType = file.storyboard; name = Base; path = Base.lproj/Main.storyboard; sourceTree = "<group>"; };
		3648A55421BD726B00620B33 /* Assets.xcassets */ = {isa = PBXFileReference; lastKnownFileType = folder.assetcatalog; path = Assets.xcassets; sourceTree = "<group>"; };
		3648A55721BD726B00620B33 /* Base */ = {isa = PBXFileReference; lastKnownFileType = file.storyboard; name = Base; path = Base.lproj/LaunchScreen.storyboard; sourceTree = "<group>"; };
		3648A55921BD726B00620B33 /* Info.plist */ = {isa = PBXFileReference; lastKnownFileType = text.plist.xml; path = Info.plist; sourceTree = "<group>"; };
		3648A56221BD738500620B33 /* JSBridge.swift */ = {isa = PBXFileReference; lastKnownFileType = sourcecode.swift; path = JSBridge.swift; sourceTree = "<group>"; };
		3648A56421BD783A00620B33 /* JSModule.swift */ = {isa = PBXFileReference; lastKnownFileType = sourcecode.swift; path = JSModule.swift; sourceTree = "<group>"; };
		3648A56621BD789A00620B33 /* MyModule.swift */ = {isa = PBXFileReference; lastKnownFileType = sourcecode.swift; path = MyModule.swift; sourceTree = "<group>"; };
		3648A56B21BDC97C00620B33 /* main.js */ = {isa = PBXFileReference; lastKnownFileType = sourcecode.javascript; path = main.js; sourceTree = "<group>"; };
		367A6B2A21F675FC006542FD /* UIViewController.swift */ = {isa = PBXFileReference; lastKnownFileType = sourcecode.swift; path = UIViewController.swift; sourceTree = "<group>"; };
		367A6B2E21F6E192006542FD /* JSOperation.swift */ = {isa = PBXFileReference; lastKnownFileType = sourcecode.swift; path = JSOperation.swift; sourceTree = "<group>"; };
		367A6B3021F6E1BB006542FD /* JSError.swift */ = {isa = PBXFileReference; lastKnownFileType = sourcecode.swift; path = JSError.swift; sourceTree = "<group>"; };
		367A6B3F21F78BA4006542FD /* README.md */ = {isa = PBXFileReference; lastKnownFileType = net.daringfireball.markdown; path = README.md; sourceTree = "<group>"; };
		367A6B4021F79540006542FD /* LICENSE */ = {isa = PBXFileReference; lastKnownFileType = text; path = LICENSE; sourceTree = "<group>"; };
		36D01A6821FE1C800091F054 /* Cartfile.private */ = {isa = PBXFileReference; lastKnownFileType = text; path = Cartfile.private; sourceTree = "<group>"; };
		36D01A6C21FE1D230091F054 /* Unbox.framework */ = {isa = PBXFileReference; lastKnownFileType = wrapper.framework; name = Unbox.framework; path = Carthage/Build/iOS/Unbox.framework; sourceTree = SOURCE_ROOT; };
		36D01A6E21FE1EB70091F054 /* UnboxJSValue.swift */ = {isa = PBXFileReference; lastKnownFileType = sourcecode.swift; path = UnboxJSValue.swift; sourceTree = "<group>"; };
		36D01A7321FE29600091F054 /* BasicFetch.swift */ = {isa = PBXFileReference; lastKnownFileType = sourcecode.swift; path = BasicFetch.swift; sourceTree = "<group>"; };
		36D31C6921C56A040003F361 /* UINavigationBar.swift */ = {isa = PBXFileReference; lastKnownFileType = sourcecode.swift; path = UINavigationBar.swift; sourceTree = "<group>"; };
		36D31C6C21C56D800003F361 /* UINavigationController.swift */ = {isa = PBXFileReference; lastKnownFileType = sourcecode.swift; path = UINavigationController.swift; sourceTree = "<group>"; };
/* End PBXFileReference section */

/* Begin PBXFrameworksBuildPhase section */
		3648A52821BD722900620B33 /* Frameworks */ = {
			isa = PBXFrameworksBuildPhase;
			buildActionMask = 2147483647;
			files = (
			);
			runOnlyForDeploymentPostprocessing = 0;
		};
		3648A53121BD722900620B33 /* Frameworks */ = {
			isa = PBXFrameworksBuildPhase;
			buildActionMask = 2147483647;
			files = (
				3648A53521BD722900620B33 /* UIKitJS.framework in Frameworks */,
			);
			runOnlyForDeploymentPostprocessing = 0;
		};
		3648A54621BD726900620B33 /* Frameworks */ = {
			isa = PBXFrameworksBuildPhase;
			buildActionMask = 2147483647;
			files = (
				3648A55D21BD72BB00620B33 /* UIKitJS.framework in Frameworks */,
				36D01A6D21FE1D230091F054 /* Unbox.framework in Frameworks */,
			);
			runOnlyForDeploymentPostprocessing = 0;
		};
/* End PBXFrameworksBuildPhase section */

/* Begin PBXGroup section */
		3648A52121BD722900620B33 = {
			isa = PBXGroup;
			children = (
				36D01A6821FE1C800091F054 /* Cartfile.private */,
				367A6B3F21F78BA4006542FD /* README.md */,
				367A6B4021F79540006542FD /* LICENSE */,
				3648A52D21BD722900620B33 /* UIKit.js */,
				3648A53821BD722900620B33 /* UIKit.jsTests */,
				3648A54A21BD726900620B33 /* UIKit.jsExamples */,
				3648A52C21BD722900620B33 /* Products */,
			);
			sourceTree = "<group>";
		};
		3648A52C21BD722900620B33 /* Products */ = {
			isa = PBXGroup;
			children = (
				3648A52B21BD722900620B33 /* UIKitJS.framework */,
				3648A53421BD722900620B33 /* UIKitJSTests.xctest */,
				3648A54921BD726900620B33 /* UIKitJSExamples.app */,
			);
			name = Products;
			sourceTree = "<group>";
		};
		3648A52D21BD722900620B33 /* UIKit.js */ = {
			isa = PBXGroup;
			children = (
				3648A52F21BD722900620B33 /* Info.plist */,
				3648A56221BD738500620B33 /* JSBridge.swift */,
				367A6B2E21F6E192006542FD /* JSOperation.swift */,
				367A6B3021F6E1BB006542FD /* JSError.swift */,
				3648A56421BD783A00620B33 /* JSModule.swift */,
				36D01A7221FE294F0091F054 /* Utilities */,
				36D31C6B21C56D6A0003F361 /* Controllers */,
				36D31C6821C569E80003F361 /* Views */,
			);
			path = UIKit.js;
			sourceTree = "<group>";
		};
		3648A53821BD722900620B33 /* UIKit.jsTests */ = {
			isa = PBXGroup;
			children = (
				3648A53921BD722900620B33 /* UIKitJSTests.swift */,
				3648A53B21BD722900620B33 /* Info.plist */,
			);
			path = UIKit.jsTests;
			sourceTree = "<group>";
		};
		3648A54A21BD726900620B33 /* UIKit.jsExamples */ = {
			isa = PBXGroup;
			children = (
				36D01A6A21FE1CDE0091F054 /* Resources */,
				3648A54B21BD726900620B33 /* AppDelegate.swift */,
				36D01A7121FE23AD0091F054 /* Controllers */,
				3648A56621BD789A00620B33 /* MyModule.swift */,
				36D01A6E21FE1EB70091F054 /* UnboxJSValue.swift */,
			);
			path = UIKit.jsExamples;
			sourceTree = "<group>";
		};
		36D01A6A21FE1CDE0091F054 /* Resources */ = {
			isa = PBXGroup;
			children = (
				36D01A6B21FE1D090091F054 /* Frameworks */,
				3648A55121BD726900620B33 /* Main.storyboard */,
				3648A56B21BDC97C00620B33 /* main.js */,
				3648A55621BD726B00620B33 /* LaunchScreen.storyboard */,
				3648A55421BD726B00620B33 /* Assets.xcassets */,
				3648A55921BD726B00620B33 /* Info.plist */,
			);
			path = Resources;
			sourceTree = "<group>";
		};
		36D01A6B21FE1D090091F054 /* Frameworks */ = {
			isa = PBXGroup;
			children = (
				36D01A6C21FE1D230091F054 /* Unbox.framework */,
			);
			name = Frameworks;
			sourceTree = "<group>";
		};
		36D01A7121FE23AD0091F054 /* Controllers */ = {
			isa = PBXGroup;
			children = (
				3648A54D21BD726900620B33 /* ExampleListVC.swift */,
				3648A54F21BD726900620B33 /* ExampleItemVC.swift */,
			);
			path = Controllers;
			sourceTree = "<group>";
		};
		36D01A7221FE294F0091F054 /* Utilities */ = {
			isa = PBXGroup;
			children = (
				36D01A7321FE29600091F054 /* BasicFetch.swift */,
			);
			path = Utilities;
			sourceTree = "<group>";
		};
		36D31C6821C569E80003F361 /* Views */ = {
			isa = PBXGroup;
			children = (
				36D31C6921C56A040003F361 /* UINavigationBar.swift */,
			);
			path = Views;
			sourceTree = "<group>";
		};
		36D31C6B21C56D6A0003F361 /* Controllers */ = {
			isa = PBXGroup;
			children = (
				36D31C6C21C56D800003F361 /* UINavigationController.swift */,
				367A6B2A21F675FC006542FD /* UIViewController.swift */,
			);
			path = Controllers;
			sourceTree = "<group>";
		};
/* End PBXGroup section */

/* Begin PBXNativeTarget section */
		3648A52A21BD722900620B33 /* UIKit.js */ = {
			isa = PBXNativeTarget;
			buildConfigurationList = 3648A53F21BD722900620B33 /* Build configuration list for PBXNativeTarget "UIKit.js" */;
			buildPhases = (
				3648A52721BD722900620B33 /* Sources */,
				3648A52821BD722900620B33 /* Frameworks */,
				3648A52921BD722900620B33 /* Resources */,
			);
			buildRules = (
			);
			dependencies = (
			);
			name = UIKit.js;
			productName = UIKit.js;
			productReference = 3648A52B21BD722900620B33 /* UIKitJS.framework */;
			productType = "com.apple.product-type.framework";
		};
		3648A53321BD722900620B33 /* UIKit.jsTests */ = {
			isa = PBXNativeTarget;
			buildConfigurationList = 3648A54221BD722900620B33 /* Build configuration list for PBXNativeTarget "UIKit.jsTests" */;
			buildPhases = (
				3648A53021BD722900620B33 /* Sources */,
				3648A53121BD722900620B33 /* Frameworks */,
				3648A53221BD722900620B33 /* Resources */,
			);
			buildRules = (
			);
			dependencies = (
				3648A53721BD722900620B33 /* PBXTargetDependency */,
			);
			name = UIKit.jsTests;
			productName = UIKit.jsTests;
			productReference = 3648A53421BD722900620B33 /* UIKitJSTests.xctest */;
			productType = "com.apple.product-type.bundle.unit-test";
		};
		3648A54821BD726900620B33 /* UIKit.jsExamples */ = {
			isa = PBXNativeTarget;
			buildConfigurationList = 3648A55A21BD726B00620B33 /* Build configuration list for PBXNativeTarget "UIKit.jsExamples" */;
			buildPhases = (
				3648A54521BD726900620B33 /* Sources */,
				3648A54621BD726900620B33 /* Frameworks */,
				3648A54721BD726900620B33 /* Resources */,
				3648A56121BD72BB00620B33 /* Embed Frameworks */,
				36D01A7021FE21900091F054 /* ShellScript */,
			);
			buildRules = (
			);
			dependencies = (
				3648A56021BD72BB00620B33 /* PBXTargetDependency */,
			);
			name = UIKit.jsExamples;
			productName = UIKit.jsExamples;
			productReference = 3648A54921BD726900620B33 /* UIKitJSExamples.app */;
			productType = "com.apple.product-type.application";
		};
/* End PBXNativeTarget section */

/* Begin PBXProject section */
		3648A52221BD722900620B33 /* Project object */ = {
			isa = PBXProject;
			attributes = {
				LastSwiftUpdateCheck = 1010;
				LastUpgradeCheck = 1010;
				ORGANIZATIONNAME = "Hank Brekke";
				TargetAttributes = {
					3648A52A21BD722900620B33 = {
						CreatedOnToolsVersion = 10.1;
						LastSwiftMigration = 1010;
					};
					3648A53321BD722900620B33 = {
						CreatedOnToolsVersion = 10.1;
					};
					3648A54821BD726900620B33 = {
						CreatedOnToolsVersion = 10.1;
					};
				};
			};
			buildConfigurationList = 3648A52521BD722900620B33 /* Build configuration list for PBXProject "UIKit.js" */;
			compatibilityVersion = "Xcode 9.3";
			developmentRegion = en;
			hasScannedForEncodings = 0;
			knownRegions = (
				en,
				Base,
			);
			mainGroup = 3648A52121BD722900620B33;
			productRefGroup = 3648A52C21BD722900620B33 /* Products */;
			projectDirPath = "";
			projectRoot = "";
			targets = (
				3648A52A21BD722900620B33 /* UIKit.js */,
				3648A53321BD722900620B33 /* UIKit.jsTests */,
				3648A54821BD726900620B33 /* UIKit.jsExamples */,
			);
		};
/* End PBXProject section */

/* Begin PBXResourcesBuildPhase section */
		3648A52921BD722900620B33 /* Resources */ = {
			isa = PBXResourcesBuildPhase;
			buildActionMask = 2147483647;
			files = (
				367A6B4121F79540006542FD /* LICENSE in Resources */,
				36D01A6921FE1C800091F054 /* Cartfile.private in Resources */,
			);
			runOnlyForDeploymentPostprocessing = 0;
		};
		3648A53221BD722900620B33 /* Resources */ = {
			isa = PBXResourcesBuildPhase;
			buildActionMask = 2147483647;
			files = (
			);
			runOnlyForDeploymentPostprocessing = 0;
		};
		3648A54721BD726900620B33 /* Resources */ = {
			isa = PBXResourcesBuildPhase;
			buildActionMask = 2147483647;
			files = (
				3648A55821BD726B00620B33 /* LaunchScreen.storyboard in Resources */,
				3648A55521BD726B00620B33 /* Assets.xcassets in Resources */,
				3648A55321BD726900620B33 /* Main.storyboard in Resources */,
				3648A56D21BDC9C600620B33 /* main.js in Resources */,
			);
			runOnlyForDeploymentPostprocessing = 0;
		};
/* End PBXResourcesBuildPhase section */

/* Begin PBXShellScriptBuildPhase section */
		36D01A7021FE21900091F054 /* ShellScript */ = {
			isa = PBXShellScriptBuildPhase;
			buildActionMask = 2147483647;
			files = (
			);
			inputFileListPaths = (
			);
			inputPaths = (
				"$(SRCROOT)/Carthage/Build/iOS/Unbox.framework",
			);
			outputFileListPaths = (
			);
			outputPaths = (
				"$(BUILT_PRODUCTS_DIR)/$(FRAMEWORKS_FOLDER_PATH)/Unbox.framework",
			);
			runOnlyForDeploymentPostprocessing = 0;
			shellPath = /bin/sh;
			shellScript = "/usr/local/bin/carthage copy-frameworks\n";
		};
/* End PBXShellScriptBuildPhase section */

/* Begin PBXSourcesBuildPhase section */
		3648A52721BD722900620B33 /* Sources */ = {
			isa = PBXSourcesBuildPhase;
			buildActionMask = 2147483647;
			files = (
				3648A56521BD783A00620B33 /* JSModule.swift in Sources */,
				367A6B3121F6E1BB006542FD /* JSError.swift in Sources */,
				36D31C6D21C56D800003F361 /* UINavigationController.swift in Sources */,
				36D31C6A21C56A040003F361 /* UINavigationBar.swift in Sources */,
				3648A56321BD738500620B33 /* JSBridge.swift in Sources */,
				367A6B2F21F6E192006542FD /* JSOperation.swift in Sources */,
				367A6B2B21F675FC006542FD /* UIViewController.swift in Sources */,
				36D01A7421FE29600091F054 /* BasicFetch.swift in Sources */,
			);
			runOnlyForDeploymentPostprocessing = 0;
		};
		3648A53021BD722900620B33 /* Sources */ = {
			isa = PBXSourcesBuildPhase;
			buildActionMask = 2147483647;
			files = (
				3648A53A21BD722900620B33 /* UIKitJSTests.swift in Sources */,
			);
			runOnlyForDeploymentPostprocessing = 0;
		};
		3648A54521BD726900620B33 /* Sources */ = {
			isa = PBXSourcesBuildPhase;
			buildActionMask = 2147483647;
			files = (
				3648A55021BD726900620B33 /* ExampleItemVC.swift in Sources */,
				36D01A6F21FE1EB70091F054 /* UnboxJSValue.swift in Sources */,
				3648A56721BD789A00620B33 /* MyModule.swift in Sources */,
				3648A54E21BD726900620B33 /* ExampleListVC.swift in Sources */,
				3648A54C21BD726900620B33 /* AppDelegate.swift in Sources */,
			);
			runOnlyForDeploymentPostprocessing = 0;
		};
/* End PBXSourcesBuildPhase section */

/* Begin PBXTargetDependency section */
		3648A53721BD722900620B33 /* PBXTargetDependency */ = {
			isa = PBXTargetDependency;
			target = 3648A52A21BD722900620B33 /* UIKit.js */;
			targetProxy = 3648A53621BD722900620B33 /* PBXContainerItemProxy */;
		};
		3648A56021BD72BB00620B33 /* PBXTargetDependency */ = {
			isa = PBXTargetDependency;
			target = 3648A52A21BD722900620B33 /* UIKit.js */;
			targetProxy = 3648A55F21BD72BB00620B33 /* PBXContainerItemProxy */;
		};
/* End PBXTargetDependency section */

/* Begin PBXVariantGroup section */
		3648A55121BD726900620B33 /* Main.storyboard */ = {
			isa = PBXVariantGroup;
			children = (
				3648A55221BD726900620B33 /* Base */,
			);
			name = Main.storyboard;
			sourceTree = "<group>";
		};
		3648A55621BD726B00620B33 /* LaunchScreen.storyboard */ = {
			isa = PBXVariantGroup;
			children = (
				3648A55721BD726B00620B33 /* Base */,
			);
			name = LaunchScreen.storyboard;
			sourceTree = "<group>";
		};
/* End PBXVariantGroup section */

/* Begin XCBuildConfiguration section */
		3648A53D21BD722900620B33 /* Debug */ = {
			isa = XCBuildConfiguration;
			buildSettings = {
				ALWAYS_SEARCH_USER_PATHS = NO;
				CLANG_ANALYZER_NONNULL = YES;
				CLANG_ANALYZER_NUMBER_OBJECT_CONVERSION = YES_AGGRESSIVE;
				CLANG_CXX_LANGUAGE_STANDARD = "gnu++14";
				CLANG_CXX_LIBRARY = "libc++";
				CLANG_ENABLE_MODULES = YES;
				CLANG_ENABLE_OBJC_ARC = YES;
				CLANG_ENABLE_OBJC_WEAK = YES;
				CLANG_WARN_BLOCK_CAPTURE_AUTORELEASING = YES;
				CLANG_WARN_BOOL_CONVERSION = YES;
				CLANG_WARN_COMMA = YES;
				CLANG_WARN_CONSTANT_CONVERSION = YES;
				CLANG_WARN_DEPRECATED_OBJC_IMPLEMENTATIONS = YES;
				CLANG_WARN_DIRECT_OBJC_ISA_USAGE = YES_ERROR;
				CLANG_WARN_DOCUMENTATION_COMMENTS = YES;
				CLANG_WARN_EMPTY_BODY = YES;
				CLANG_WARN_ENUM_CONVERSION = YES;
				CLANG_WARN_INFINITE_RECURSION = YES;
				CLANG_WARN_INT_CONVERSION = YES;
				CLANG_WARN_NON_LITERAL_NULL_CONVERSION = YES;
				CLANG_WARN_OBJC_IMPLICIT_RETAIN_SELF = YES;
				CLANG_WARN_OBJC_LITERAL_CONVERSION = YES;
				CLANG_WARN_OBJC_ROOT_CLASS = YES_ERROR;
				CLANG_WARN_RANGE_LOOP_ANALYSIS = YES;
				CLANG_WARN_STRICT_PROTOTYPES = YES;
				CLANG_WARN_SUSPICIOUS_MOVE = YES;
				CLANG_WARN_UNGUARDED_AVAILABILITY = YES_AGGRESSIVE;
				CLANG_WARN_UNREACHABLE_CODE = YES;
				CLANG_WARN__DUPLICATE_METHOD_MATCH = YES;
				CODE_SIGN_IDENTITY = "iPhone Developer";
				COPY_PHASE_STRIP = NO;
				CURRENT_PROJECT_VERSION = 1;
				DEBUG_INFORMATION_FORMAT = dwarf;
				ENABLE_STRICT_OBJC_MSGSEND = YES;
				ENABLE_TESTABILITY = YES;
				GCC_C_LANGUAGE_STANDARD = gnu11;
				GCC_DYNAMIC_NO_PIC = NO;
				GCC_NO_COMMON_BLOCKS = YES;
				GCC_OPTIMIZATION_LEVEL = 0;
				GCC_PREPROCESSOR_DEFINITIONS = (
					"DEBUG=1",
					"$(inherited)",
				);
				GCC_WARN_64_TO_32_BIT_CONVERSION = YES;
				GCC_WARN_ABOUT_RETURN_TYPE = YES_ERROR;
				GCC_WARN_UNDECLARED_SELECTOR = YES;
				GCC_WARN_UNINITIALIZED_AUTOS = YES_AGGRESSIVE;
				GCC_WARN_UNUSED_FUNCTION = YES;
				GCC_WARN_UNUSED_VARIABLE = YES;
				IPHONEOS_DEPLOYMENT_TARGET = 12.1;
				MACOSX_DEPLOYMENT_TARGET = 10.14;
				MTL_ENABLE_DEBUG_INFO = INCLUDE_SOURCE;
				MTL_FAST_MATH = YES;
				ONLY_ACTIVE_ARCH = YES;
				SDKROOT = iphoneos;
				SWIFT_ACTIVE_COMPILATION_CONDITIONS = DEBUG;
				SWIFT_OPTIMIZATION_LEVEL = "-Onone";
				TVOS_DEPLOYMENT_TARGET = 12.1;
				VERSIONING_SYSTEM = "apple-generic";
				VERSION_INFO_PREFIX = "";
			};
			name = Debug;
		};
		3648A53E21BD722900620B33 /* Release */ = {
			isa = XCBuildConfiguration;
			buildSettings = {
				ALWAYS_SEARCH_USER_PATHS = NO;
				CLANG_ANALYZER_NONNULL = YES;
				CLANG_ANALYZER_NUMBER_OBJECT_CONVERSION = YES_AGGRESSIVE;
				CLANG_CXX_LANGUAGE_STANDARD = "gnu++14";
				CLANG_CXX_LIBRARY = "libc++";
				CLANG_ENABLE_MODULES = YES;
				CLANG_ENABLE_OBJC_ARC = YES;
				CLANG_ENABLE_OBJC_WEAK = YES;
				CLANG_WARN_BLOCK_CAPTURE_AUTORELEASING = YES;
				CLANG_WARN_BOOL_CONVERSION = YES;
				CLANG_WARN_COMMA = YES;
				CLANG_WARN_CONSTANT_CONVERSION = YES;
				CLANG_WARN_DEPRECATED_OBJC_IMPLEMENTATIONS = YES;
				CLANG_WARN_DIRECT_OBJC_ISA_USAGE = YES_ERROR;
				CLANG_WARN_DOCUMENTATION_COMMENTS = YES;
				CLANG_WARN_EMPTY_BODY = YES;
				CLANG_WARN_ENUM_CONVERSION = YES;
				CLANG_WARN_INFINITE_RECURSION = YES;
				CLANG_WARN_INT_CONVERSION = YES;
				CLANG_WARN_NON_LITERAL_NULL_CONVERSION = YES;
				CLANG_WARN_OBJC_IMPLICIT_RETAIN_SELF = YES;
				CLANG_WARN_OBJC_LITERAL_CONVERSION = YES;
				CLANG_WARN_OBJC_ROOT_CLASS = YES_ERROR;
				CLANG_WARN_RANGE_LOOP_ANALYSIS = YES;
				CLANG_WARN_STRICT_PROTOTYPES = YES;
				CLANG_WARN_SUSPICIOUS_MOVE = YES;
				CLANG_WARN_UNGUARDED_AVAILABILITY = YES_AGGRESSIVE;
				CLANG_WARN_UNREACHABLE_CODE = YES;
				CLANG_WARN__DUPLICATE_METHOD_MATCH = YES;
				CODE_SIGN_IDENTITY = "iPhone Developer";
				COPY_PHASE_STRIP = NO;
				CURRENT_PROJECT_VERSION = 1;
				DEBUG_INFORMATION_FORMAT = "dwarf-with-dsym";
				ENABLE_NS_ASSERTIONS = NO;
				ENABLE_STRICT_OBJC_MSGSEND = YES;
				GCC_C_LANGUAGE_STANDARD = gnu11;
				GCC_NO_COMMON_BLOCKS = YES;
				GCC_WARN_64_TO_32_BIT_CONVERSION = YES;
				GCC_WARN_ABOUT_RETURN_TYPE = YES_ERROR;
				GCC_WARN_UNDECLARED_SELECTOR = YES;
				GCC_WARN_UNINITIALIZED_AUTOS = YES_AGGRESSIVE;
				GCC_WARN_UNUSED_FUNCTION = YES;
				GCC_WARN_UNUSED_VARIABLE = YES;
				IPHONEOS_DEPLOYMENT_TARGET = 12.1;
				MACOSX_DEPLOYMENT_TARGET = 10.14;
				MTL_ENABLE_DEBUG_INFO = NO;
				MTL_FAST_MATH = YES;
				SDKROOT = iphoneos;
				SWIFT_COMPILATION_MODE = wholemodule;
				SWIFT_OPTIMIZATION_LEVEL = "-O";
				TVOS_DEPLOYMENT_TARGET = 12.1;
				VALIDATE_PRODUCT = YES;
				VERSIONING_SYSTEM = "apple-generic";
				VERSION_INFO_PREFIX = "";
			};
			name = Release;
		};
		3648A54021BD722900620B33 /* Debug */ = {
			isa = XCBuildConfiguration;
			buildSettings = {
				CLANG_ENABLE_MODULES = YES;
				CODE_SIGN_IDENTITY = "";
				CODE_SIGN_STYLE = Automatic;
				DEFINES_MODULE = YES;
				DYLIB_COMPATIBILITY_VERSION = 1;
				DYLIB_CURRENT_VERSION = 1;
				DYLIB_INSTALL_NAME_BASE = "@rpath";
				INFOPLIST_FILE = UIKit.js/Info.plist;
				INSTALL_PATH = "$(LOCAL_LIBRARY_DIR)/Frameworks";
				LD_RUNPATH_SEARCH_PATHS = (
					"$(inherited)",
					"@executable_path/Frameworks",
					"@loader_path/Frameworks",
				);
				PRODUCT_BUNDLE_IDENTIFIER = io.hnryjms.UIKitJS;
				PRODUCT_NAME = UIKitJS;
				SKIP_INSTALL = YES;
				SUPPORTED_PLATFORMS = "iphonesimulator iphoneos appletvsimulator appletvos";
				SWIFT_OPTIMIZATION_LEVEL = "-Onone";
				SWIFT_VERSION = 4.2;
				TARGETED_DEVICE_FAMILY = "1,2,3";
			};
			name = Debug;
		};
		3648A54121BD722900620B33 /* Release */ = {
			isa = XCBuildConfiguration;
			buildSettings = {
				CLANG_ENABLE_MODULES = YES;
				CODE_SIGN_IDENTITY = "";
				CODE_SIGN_STYLE = Automatic;
				DEFINES_MODULE = YES;
				DYLIB_COMPATIBILITY_VERSION = 1;
				DYLIB_CURRENT_VERSION = 1;
				DYLIB_INSTALL_NAME_BASE = "@rpath";
				INFOPLIST_FILE = UIKit.js/Info.plist;
				INSTALL_PATH = "$(LOCAL_LIBRARY_DIR)/Frameworks";
				LD_RUNPATH_SEARCH_PATHS = (
					"$(inherited)",
					"@executable_path/Frameworks",
					"@loader_path/Frameworks",
				);
				PRODUCT_BUNDLE_IDENTIFIER = io.hnryjms.UIKitJS;
				PRODUCT_NAME = UIKitJS;
				SKIP_INSTALL = YES;
				SUPPORTED_PLATFORMS = "iphonesimulator iphoneos appletvsimulator appletvos";
				SWIFT_VERSION = 4.2;
				TARGETED_DEVICE_FAMILY = "1,2,3";
			};
			name = Release;
		};
		3648A54321BD722900620B33 /* Debug */ = {
			isa = XCBuildConfiguration;
			buildSettings = {
				ALWAYS_EMBED_SWIFT_STANDARD_LIBRARIES = YES;
				CODE_SIGN_STYLE = Automatic;
				INFOPLIST_FILE = UIKit.jsTests/Info.plist;
				LD_RUNPATH_SEARCH_PATHS = (
					"$(inherited)",
					"@executable_path/Frameworks",
					"@loader_path/Frameworks",
				);
				PRODUCT_BUNDLE_IDENTIFIER = "io.hnryjms.UIKit-jsTests";
				PRODUCT_NAME = UIKitJSTests;
				SWIFT_VERSION = 4.2;
				TARGETED_DEVICE_FAMILY = "1,2";
			};
			name = Debug;
		};
		3648A54421BD722900620B33 /* Release */ = {
			isa = XCBuildConfiguration;
			buildSettings = {
				ALWAYS_EMBED_SWIFT_STANDARD_LIBRARIES = YES;
				CODE_SIGN_STYLE = Automatic;
				INFOPLIST_FILE = UIKit.jsTests/Info.plist;
				LD_RUNPATH_SEARCH_PATHS = (
					"$(inherited)",
					"@executable_path/Frameworks",
					"@loader_path/Frameworks",
				);
				PRODUCT_BUNDLE_IDENTIFIER = "io.hnryjms.UIKit-jsTests";
				PRODUCT_NAME = UIKitJSTests;
				SWIFT_VERSION = 4.2;
				TARGETED_DEVICE_FAMILY = "1,2";
			};
			name = Release;
		};
		3648A55B21BD726B00620B33 /* Debug */ = {
			isa = XCBuildConfiguration;
			buildSettings = {
				ALWAYS_EMBED_SWIFT_STANDARD_LIBRARIES = YES;
				ASSETCATALOG_COMPILER_APPICON_NAME = AppIcon;
				CODE_SIGN_STYLE = Automatic;
				FRAMEWORK_SEARCH_PATHS = (
					"$(inherited)",
					"$(PROJECT_DIR)/Carthage/Build/iOS",
				);
				INFOPLIST_FILE = UIKit.jsExamples/Resources/Info.plist;
				LD_RUNPATH_SEARCH_PATHS = (
					"$(inherited)",
					"@executable_path/Frameworks",
				);
				PRODUCT_BUNDLE_IDENTIFIER = "io.hnryjms.UIKit-jsExamples";
				PRODUCT_NAME = UIKitJSExamples;
				SWIFT_VERSION = 4.2;
				TARGETED_DEVICE_FAMILY = "1,2";
			};
			name = Debug;
		};
		3648A55C21BD726B00620B33 /* Release */ = {
			isa = XCBuildConfiguration;
			buildSettings = {
				ALWAYS_EMBED_SWIFT_STANDARD_LIBRARIES = YES;
				ASSETCATALOG_COMPILER_APPICON_NAME = AppIcon;
				CODE_SIGN_STYLE = Automatic;
				FRAMEWORK_SEARCH_PATHS = (
					"$(inherited)",
					"$(PROJECT_DIR)/Carthage/Build/iOS",
				);
				INFOPLIST_FILE = UIKit.jsExamples/Resources/Info.plist;
				LD_RUNPATH_SEARCH_PATHS = (
					"$(inherited)",
					"@executable_path/Frameworks",
				);
				PRODUCT_BUNDLE_IDENTIFIER = "io.hnryjms.UIKit-jsExamples";
				PRODUCT_NAME = UIKitJSExamples;
				SWIFT_VERSION = 4.2;
				TARGETED_DEVICE_FAMILY = "1,2";
			};
			name = Release;
		};
/* End XCBuildConfiguration section */

/* Begin XCConfigurationList section */
		3648A52521BD722900620B33 /* Build configuration list for PBXProject "UIKit.js" */ = {
			isa = XCConfigurationList;
			buildConfigurations = (
				3648A53D21BD722900620B33 /* Debug */,
				3648A53E21BD722900620B33 /* Release */,
			);
			defaultConfigurationIsVisible = 0;
			defaultConfigurationName = Release;
		};
		3648A53F21BD722900620B33 /* Build configuration list for PBXNativeTarget "UIKit.js" */ = {
			isa = XCConfigurationList;
			buildConfigurations = (
				3648A54021BD722900620B33 /* Debug */,
				3648A54121BD722900620B33 /* Release */,
			);
			defaultConfigurationIsVisible = 0;
			defaultConfigurationName = Release;
		};
		3648A54221BD722900620B33 /* Build configuration list for PBXNativeTarget "UIKit.jsTests" */ = {
			isa = XCConfigurationList;
			buildConfigurations = (
				3648A54321BD722900620B33 /* Debug */,
				3648A54421BD722900620B33 /* Release */,
			);
			defaultConfigurationIsVisible = 0;
			defaultConfigurationName = Release;
		};
		3648A55A21BD726B00620B33 /* Build configuration list for PBXNativeTarget "UIKit.jsExamples" */ = {
			isa = XCConfigurationList;
			buildConfigurations = (
				3648A55B21BD726B00620B33 /* Debug */,
				3648A55C21BD726B00620B33 /* Release */,
			);
			defaultConfigurationIsVisible = 0;
			defaultConfigurationName = Release;
		};
/* End XCConfigurationList section */
	};
	rootObject = 3648A52221BD722900620B33 /* Project object */;
}
